
Microsoft Visual Studio Solution File, Format Version 12.00
# Visual Studio Version 17
VisualStudioVersion = 17.0.32014.148
MinimumVisualStudioVersion = 10.0.40219.1
Project("{FAE04EC0-301F-11D3-BF4B-00C04F79EFBC}") = "numerics-mkl-net48", "numerics-mkl-net48.csproj", "{1016608C-1717-4800-BBEA-B5042464138F}"
EndProject
Global
	GlobalSection(SolutionConfigurationPlatforms) = preSolution
		Debug|Any CPU = Debug|Any CPU
		Release|Any CPU = Release|Any CPU
	EndGlobalSection
	GlobalSection(ProjectConfigurationPlatforms) = postSolution
		{1016608C-1717-4800-BBEA-B5042464138F}.Debug|Any CPU.ActiveCfg = Debug|Any CPU
		{1016608C-1717-4800-BBEA-B5042464138F}.Debug|Any CPU.Build.0 = Debug|Any CPU
		{1016608C-1717-4800-BBEA-B5042464138F}.Release|Any CPU.ActiveCfg = Release|Any CPU
		{1016608C-1717-4800-BBEA-B5042464138F}.Release|Any CPU.Build.0 = Release|Any CPU
	EndGlobalSection
	GlobalSection(SolutionProperties) = preSolution
		HideSolutionNode = FALSE
	EndGlobalSection
	GlobalSection(ExtensibilityGlobals) = postSolution
		SolutionGuid = {EDEFDA60-76D4-4372-B1C0-81C1C37EE8ED}
	EndGlobalSection
EndGlobal
